
Microsoft Visual Studio Solution File, Format Version 12.00
# Visual Studio Version 17
VisualStudioVersion = 17.3.32819.101
MinimumVisualStudioVersion = 10.0.40219.1
Project("{FAE04EC0-301F-11D3-BF4B-00C04F79EFBC}") = "RevitGeometryUtils", "RevitGeometryUtils\RevitGeometryUtils.csproj", "{479BCD05-9C80-4436-AB59-E97B6769BC7E}"
EndProject
Project("{FAE04EC0-301F-11D3-BF4B-00C04F79EFBC}") = "xUnitTests", "xUnitTests\xUnitTests.csproj", "{17FBFD15-CEAA-49E7-8EBF-634304096601}"
EndProject
Global
	GlobalSection(SolutionConfigurationPlatforms) = preSolution
		Debug|Any CPU = Debug|Any CPU
		Release|Any CPU = Release|Any CPU
	EndGlobalSection
	GlobalSection(ProjectConfigurationPlatforms) = postSolution
		{479BCD05-9C80-4436-AB59-E97B6769BC7E}.Debug|Any CPU.ActiveCfg = Debug|Any CPU
		{479BCD05-9C80-4436-AB59-E97B6769BC7E}.Debug|Any CPU.Build.0 = Debug|Any CPU
		{479BCD05-9C80-4436-AB59-E97B6769BC7E}.Release|Any CPU.ActiveCfg = Release|Any CPU
		{479BCD05-9C80-4436-AB59-E97B6769BC7E}.Release|Any CPU.Build.0 = Release|Any CPU
		{17FBFD15-CEAA-49E7-8EBF-634304096601}.Debug|Any CPU.ActiveCfg = Debug|Any CPU
		{17FBFD15-CEAA-49E7-8EBF-634304096601}.Debug|Any CPU.Build.0 = Debug|Any CPU
		{17FBFD15-CEAA-49E7-8EBF-634304096601}.Release|Any CPU.ActiveCfg = Release|Any CPU
		{17FBFD15-CEAA-49E7-8EBF-634304096601}.Release|Any CPU.Build.0 = Release|Any CPU
	EndGlobalSection
	GlobalSection(SolutionProperties) = preSolution
		HideSolutionNode = FALSE
	EndGlobalSection
	GlobalSection(ExtensibilityGlobals) = postSolution
		SolutionGuid = {1EE59A40-E0E0-4D62-870F-1E11E5851CAD}
	EndGlobalSection
EndGlobal
